
Microsoft Visual Studio Solution File, Format Version 12.00
# Visual Studio 2013
VisualStudioVersion = 12.0.30501.0
MinimumVisualStudioVersion = 10.0.40219.1
Project("{FAE04EC0-301F-11D3-BF4B-00C04F79EFBC}") = "Entidades", "Entidades\Entidades.csproj", "{4FC6FD5B-5E2E-47C3-BA92-91DC81BD8A3F}"
EndProject
Project("{2150E333-8FDC-42A3-9474-1A3956D46DE8}") = "Datos", "Datos", "{6D01B38B-853C-418D-B39F-682EDC3685D4}"
EndProject
Project("{2150E333-8FDC-42A3-9474-1A3956D46DE8}") = "Servicios", "Servicios", "{FA4CBB02-A066-48E1-A091-B243DD9CCE55}"
EndProject
Project("{2150E333-8FDC-42A3-9474-1A3956D46DE8}") = "Backend", "Backend", "{E8009561-BA96-4C5C-8BDC-E996218C036D}"
EndProject
Project("{2150E333-8FDC-42A3-9474-1A3956D46DE8}") = "Frontend", "Frontend", "{D024732E-3D01-44A0-8E75-EC6F5BDF8FA3}"
EndProject
Project("{FAE04EC0-301F-11D3-BF4B-00C04F79EFBC}") = "ModuloServicios", "ModuloServicios\ModuloServicios.csproj", "{5CB973E3-A9E4-4AAD-9B08-133178EABC94}"
EndProject
Project("{FAE04EC0-301F-11D3-BF4B-00C04F79EFBC}") = "Desktop", "Desktop\Desktop.csproj", "{551750BF-9826-4DF3-AA68-4E666F7C462E}"
EndProject
Project("{FAE04EC0-301F-11D3-BF4B-00C04F79EFBC}") = "Controles", "Controles\Controles.csproj", "{81E3DEC7-DBE4-415E-9024-2D103460A2E9}"
EndProject
Project("{FAE04EC0-301F-11D3-BF4B-00C04F79EFBC}") = "Base", "Base\Base.csproj", "{654C8F91-69D0-4ADC-BB44-457D72179988}"
EndProject
Project("{2150E333-8FDC-42A3-9474-1A3956D46DE8}") = "Comun", "Comun", "{70D62ECA-495E-4358-9D54-3F274D9C583D}"
EndProject
Global
	GlobalSection(SolutionConfigurationPlatforms) = preSolution
		CD_ROM|Any CPU = CD_ROM|Any CPU
		Debug|Any CPU = Debug|Any CPU
		DVD-5|Any CPU = DVD-5|Any CPU
		Release|Any CPU = Release|Any CPU
		SingleImage|Any CPU = SingleImage|Any CPU
	EndGlobalSection
	GlobalSection(ProjectConfigurationPlatforms) = postSolution
		{4FC6FD5B-5E2E-47C3-BA92-91DC81BD8A3F}.CD_ROM|Any CPU.ActiveCfg = Release|Any CPU
		{4FC6FD5B-5E2E-47C3-BA92-91DC81BD8A3F}.CD_ROM|Any CPU.Build.0 = Release|Any CPU
		{4FC6FD5B-5E2E-47C3-BA92-91DC81BD8A3F}.Debug|Any CPU.ActiveCfg = Debug|Any CPU
		{4FC6FD5B-5E2E-47C3-BA92-91DC81BD8A3F}.Debug|Any CPU.Build.0 = Debug|Any CPU
		{4FC6FD5B-5E2E-47C3-BA92-91DC81BD8A3F}.DVD-5|Any CPU.ActiveCfg = Debug|Any CPU
		{4FC6FD5B-5E2E-47C3-BA92-91DC81BD8A3F}.DVD-5|Any CPU.Build.0 = Debug|Any CPU
		{4FC6FD5B-5E2E-47C3-BA92-91DC81BD8A3F}.Release|Any CPU.ActiveCfg = Release|Any CPU
		{4FC6FD5B-5E2E-47C3-BA92-91DC81BD8A3F}.Release|Any CPU.Build.0 = Release|Any CPU
		{4FC6FD5B-5E2E-47C3-BA92-91DC81BD8A3F}.SingleImage|Any CPU.ActiveCfg = Release|Any CPU
		{4FC6FD5B-5E2E-47C3-BA92-91DC81BD8A3F}.SingleImage|Any CPU.Build.0 = Release|Any CPU
		{5CB973E3-A9E4-4AAD-9B08-133178EABC94}.CD_ROM|Any CPU.ActiveCfg = Release|Any CPU
		{5CB973E3-A9E4-4AAD-9B08-133178EABC94}.CD_ROM|Any CPU.Build.0 = Release|Any CPU
		{5CB973E3-A9E4-4AAD-9B08-133178EABC94}.Debug|Any CPU.ActiveCfg = Debug|Any CPU
		{5CB973E3-A9E4-4AAD-9B08-133178EABC94}.Debug|Any CPU.Build.0 = Debug|Any CPU
		{5CB973E3-A9E4-4AAD-9B08-133178EABC94}.DVD-5|Any CPU.ActiveCfg = Debug|Any CPU
		{5CB973E3-A9E4-4AAD-9B08-133178EABC94}.DVD-5|Any CPU.Build.0 = Debug|Any CPU
		{5CB973E3-A9E4-4AAD-9B08-133178EABC94}.Release|Any CPU.ActiveCfg = Release|Any CPU
		{5CB973E3-A9E4-4AAD-9B08-133178EABC94}.Release|Any CPU.Build.0 = Release|Any CPU
		{5CB973E3-A9E4-4AAD-9B08-133178EABC94}.SingleImage|Any CPU.ActiveCfg = Release|Any CPU
		{5CB973E3-A9E4-4AAD-9B08-133178EABC94}.SingleImage|Any CPU.Build.0 = Release|Any CPU
		{551750BF-9826-4DF3-AA68-4E666F7C462E}.CD_ROM|Any CPU.ActiveCfg = Release|Any CPU
		{551750BF-9826-4DF3-AA68-4E666F7C462E}.CD_ROM|Any CPU.Build.0 = Release|Any CPU
		{551750BF-9826-4DF3-AA68-4E666F7C462E}.Debug|Any CPU.ActiveCfg = Debug|Any CPU
		{551750BF-9826-4DF3-AA68-4E666F7C462E}.Debug|Any CPU.Build.0 = Debug|Any CPU
		{551750BF-9826-4DF3-AA68-4E666F7C462E}.DVD-5|Any CPU.ActiveCfg = Debug|Any CPU
		{551750BF-9826-4DF3-AA68-4E666F7C462E}.DVD-5|Any CPU.Build.0 = Debug|Any CPU
		{551750BF-9826-4DF3-AA68-4E666F7C462E}.Release|Any CPU.ActiveCfg = Release|Any CPU
		{551750BF-9826-4DF3-AA68-4E666F7C462E}.Release|Any CPU.Build.0 = Release|Any CPU
		{551750BF-9826-4DF3-AA68-4E666F7C462E}.SingleImage|Any CPU.ActiveCfg = Release|Any CPU
		{551750BF-9826-4DF3-AA68-4E666F7C462E}.SingleImage|Any CPU.Build.0 = Release|Any CPU
		{81E3DEC7-DBE4-415E-9024-2D103460A2E9}.CD_ROM|Any CPU.ActiveCfg = Release|Any CPU
		{81E3DEC7-DBE4-415E-9024-2D103460A2E9}.CD_ROM|Any CPU.Build.0 = Release|Any CPU
		{81E3DEC7-DBE4-415E-9024-2D103460A2E9}.Debug|Any CPU.ActiveCfg = Debug|Any CPU
		{81E3DEC7-DBE4-415E-9024-2D103460A2E9}.Debug|Any CPU.Build.0 = Debug|Any CPU
		{81E3DEC7-DBE4-415E-9024-2D103460A2E9}.DVD-5|Any CPU.ActiveCfg = Debug|Any CPU
		{81E3DEC7-DBE4-415E-9024-2D103460A2E9}.DVD-5|Any CPU.Build.0 = Debug|Any CPU
		{81E3DEC7-DBE4-415E-9024-2D103460A2E9}.Release|Any CPU.ActiveCfg = Release|Any CPU
		{81E3DEC7-DBE4-415E-9024-2D103460A2E9}.Release|Any CPU.Build.0 = Release|Any CPU
		{81E3DEC7-DBE4-415E-9024-2D103460A2E9}.SingleImage|Any CPU.ActiveCfg = Release|Any CPU
		{81E3DEC7-DBE4-415E-9024-2D103460A2E9}.SingleImage|Any CPU.Build.0 = Release|Any CPU
		{654C8F91-69D0-4ADC-BB44-457D72179988}.CD_ROM|Any CPU.ActiveCfg = Release|Any CPU
		{654C8F91-69D0-4ADC-BB44-457D72179988}.CD_ROM|Any CPU.Build.0 = Release|Any CPU
		{654C8F91-69D0-4ADC-BB44-457D72179988}.Debug|Any CPU.ActiveCfg = Debug|Any CPU
		{654C8F91-69D0-4ADC-BB44-457D72179988}.Debug|Any CPU.Build.0 = Debug|Any CPU
		{654C8F91-69D0-4ADC-BB44-457D72179988}.DVD-5|Any CPU.ActiveCfg = Debug|Any CPU
		{654C8F91-69D0-4ADC-BB44-457D72179988}.DVD-5|Any CPU.Build.0 = Debug|Any CPU
		{654C8F91-69D0-4ADC-BB44-457D72179988}.Release|Any CPU.ActiveCfg = Release|Any CPU
		{654C8F91-69D0-4ADC-BB44-457D72179988}.Release|Any CPU.Build.0 = Release|Any CPU
		{654C8F91-69D0-4ADC-BB44-457D72179988}.SingleImage|Any CPU.ActiveCfg = Release|Any CPU
		{654C8F91-69D0-4ADC-BB44-457D72179988}.SingleImage|Any CPU.Build.0 = Release|Any CPU
	EndGlobalSection
	GlobalSection(SolutionProperties) = preSolution
		HideSolutionNode = FALSE
	EndGlobalSection
	GlobalSection(NestedProjects) = preSolution
		{4FC6FD5B-5E2E-47C3-BA92-91DC81BD8A3F} = {6D01B38B-853C-418D-B39F-682EDC3685D4}
		{6D01B38B-853C-418D-B39F-682EDC3685D4} = {E8009561-BA96-4C5C-8BDC-E996218C036D}
		{FA4CBB02-A066-48E1-A091-B243DD9CCE55} = {E8009561-BA96-4C5C-8BDC-E996218C036D}
		{5CB973E3-A9E4-4AAD-9B08-133178EABC94} = {FA4CBB02-A066-48E1-A091-B243DD9CCE55}
		{551750BF-9826-4DF3-AA68-4E666F7C462E} = {D024732E-3D01-44A0-8E75-EC6F5BDF8FA3}
		{81E3DEC7-DBE4-415E-9024-2D103460A2E9} = {70D62ECA-495E-4358-9D54-3F274D9C583D}
		{654C8F91-69D0-4ADC-BB44-457D72179988} = {70D62ECA-495E-4358-9D54-3F274D9C583D}
	EndGlobalSection
EndGlobal
